{
  "version": 4,
  "terraform_version": "1.3.6",
  "serial": 109,
  "lineage": "c77c2a63-2fcf-af70-95b0-e544361f3995",
  "outputs": {
    "account_id": {
      "value": "817859197488",
      "type": "string"
    },
    "caller_arn": {
      "value": "arn:aws:iam::817859197488:user/kwk",
      "type": "string"
    },
    "caller_user": {
      "value": "AIDA343BU7IYIWZW5EQW2",
      "type": "string"
    },
    "intance_id": {
      "value": "i-003e31c6fe38ee703",
      "type": "string"
    },
    "intance_public_ip": {
      "value": "18.213.107.154",
      "type": "string"
    }
  },
  "resources": [
    {
      "mode": "data",
      "type": "archive_file",
      "name": "ansible_files",
      "provider": "provider[\"registry.terraform.io/hashicorp/archive\"]",
      "instances": [
        {
          "schema_version": 0,
          "attributes": {
            "excludes": null,
            "id": "4101ae8c8368106afccbbbeae221edc8734bcc07",
            "output_base64sha256": "122+ChMhdGUUAJ97aGxcD9mFTLXXPMY8Z2KI2+WHZd8=",
            "output_file_mode": null,
            "output_md5": "1f5198d55cbfb2ea321c69a3f6535198",
            "output_path": "ansible_scripts.zip",
            "output_sha": "4101ae8c8368106afccbbbeae221edc8734bcc07",
            "output_size": 1760,
            "source": [],
            "source_content": null,
            "source_content_filename": null,
            "source_dir": "ansible_scripts/",
            "source_file": null,
            "type": "zip"
          },
          "sensitive_attributes": []
        }
      ]
    },
    {
      "mode": "data",
      "type": "archive_file",
      "name": "web_files",
      "provider": "provider[\"registry.terraform.io/hashicorp/archive\"]",
      "instances": [
        {
          "schema_version": 0,
          "attributes": {
            "excludes": null,
            "id": "f6dd25c211a6b0cdc0b4c4cc43b5d265e6ef5ef7",
            "output_base64sha256": "QAd4bXoWcCPnXlOS9ZbmDQwHa6Mj0sL4RSr2k9GFa+k=",
            "output_file_mode": null,
            "output_md5": "2965f9a4a14b34aa5aac02a57e31fee4",
            "output_path": "web.zip",
            "output_sha": "f6dd25c211a6b0cdc0b4c4cc43b5d265e6ef5ef7",
            "output_size": 683751,
            "source": [],
            "source_content": null,
            "source_content_filename": null,
            "source_dir": "web/",
            "source_file": null,
            "type": "zip"
          },
          "sensitive_attributes": []
        }
      ]
    },
    {
      "mode": "data",
      "type": "aws_caller_identity",
      "name": "current",
      "provider": "provider[\"registry.terraform.io/hashicorp/aws\"]",
      "instances": [
        {
          "schema_version": 0,
          "attributes": {
            "account_id": "817859197488",
            "arn": "arn:aws:iam::817859197488:user/kwk",
            "id": "817859197488",
            "user_id": "AIDA343BU7IYIWZW5EQW2"
          },
          "sensitive_attributes": []
        }
      ]
    },
    {
      "mode": "data",
      "type": "aws_partition",
      "name": "current",
      "provider": "provider[\"registry.terraform.io/hashicorp/aws\"]",
      "instances": [
        {
          "schema_version": 0,
          "attributes": {
            "dns_suffix": "amazonaws.com",
            "id": "aws",
            "partition": "aws",
            "reverse_dns_prefix": "com.amazonaws"
          },
          "sensitive_attributes": []
        }
      ]
    },
    {
      "mode": "data",
      "type": "aws_region",
      "name": "current",
      "provider": "provider[\"registry.terraform.io/hashicorp/aws\"]",
      "instances": [
        {
          "schema_version": 0,
          "attributes": {
            "description": "US East (N. Virginia)",
            "endpoint": "ec2.us-east-1.amazonaws.com",
            "id": "us-east-1",
            "name": "us-east-1"
          },
          "sensitive_attributes": []
        }
      ]
    },
    {
      "mode": "managed",
      "type": "aws_eip",
      "name": "ec2",
      "provider": "provider[\"registry.terraform.io/hashicorp/aws\"]",
      "instances": [
        {
          "schema_version": 0,
          "attributes": {
            "address": null,
            "allocation_id": "eipalloc-03161912023f6631c",
            "associate_with_private_ip": null,
            "association_id": "eipassoc-0a81160136cdb09e4",
            "carrier_ip": "",
            "customer_owned_ip": "",
            "customer_owned_ipv4_pool": "",
            "domain": "vpc",
            "id": "eipalloc-03161912023f6631c",
            "instance": "i-003e31c6fe38ee703",
            "network_border_group": "us-east-1",
            "network_interface": "eni-003a07285e5cca4c5",
            "private_dns": "ip-10-10-0-42.ec2.internal",
            "private_ip": "10.10.0.42",
            "public_dns": "ec2-18-213-107-154.compute-1.amazonaws.com",
            "public_ip": "18.213.107.154",
            "public_ipv4_pool": "amazon",
            "tags": {
              "Environment": "live",
              "Name": "hackerbox-live-eip",
              "Owner": "John Doe",
              "Project": "HACKERBOX",
              "Service": "EIP"
            },
            "tags_all": {
              "Environment": "live",
              "Name": "hackerbox-live-eip",
              "Owner": "John Doe",
              "Project": "HACKERBOX",
              "Service": "EIP"
            },
            "timeouts": null,
            "vpc": true
          },
          "sensitive_attributes": [],
          "private": "eyJlMmJmYjczMC1lY2FhLTExZTYtOGY4OC0zNDM2M2JjN2M0YzAiOnsiZGVsZXRlIjoxODAwMDAwMDAwMDAsInJlYWQiOjkwMDAwMDAwMDAwMCwidXBkYXRlIjozMDAwMDAwMDAwMDB9fQ==",
          "dependencies": [
            "aws_iam_instance_profile.instance-profile",
            "aws_key_pair.ec2",
            "module.ec2.aws_instance.this",
            "module.sg_ec2.aws_security_group.this",
            "module.vpc.aws_default_route_table.main_route_table",
            "module.vpc.aws_eip.nat_eip",
            "module.vpc.aws_internet_gateway.gw",
            "module.vpc.aws_nat_gateway.nat_gw",
            "module.vpc.aws_route.route-private",
            "module.vpc.aws_route.route-public",
            "module.vpc.aws_route_table.private_subnets-to-internet_route",
            "module.vpc.aws_route_table.public_subnet-to-igw_route",
            "module.vpc.aws_route_table_association.private_subnet-assoc",
            "module.vpc.aws_route_table_association.public_subnet-assoc",
            "module.vpc.aws_subnet.private",
            "module.vpc.aws_subnet.public",
            "module.vpc.aws_vpc.vpc"
          ]
        }
      ]
    },
    {
      "mode": "managed",
      "type": "aws_iam_instance_profile",
      "name": "instance-profile",
      "provider": "provider[\"registry.terraform.io/hashicorp/aws\"]",
      "instances": [
        {
          "schema_version": 0,
          "attributes": {
            "arn": "arn:aws:iam::817859197488:instance-profile/hackerbox-live-instance-profile",
            "create_date": "2022-12-17T06:37:52Z",
            "id": "hackerbox-live-instance-profile",
            "name": "hackerbox-live-instance-profile",
            "name_prefix": null,
            "path": "/",
            "role": "hackerbox-live-instance-role",
            "tags": {
              "Environment": "live",
              "Owner": "John Doe",
              "Project": "HACKERBOX",
              "Service": "IAM Profile"
            },
            "tags_all": {
              "Environment": "live",
              "Owner": "John Doe",
              "Project": "HACKERBOX",
              "Service": "IAM Profile"
            },
            "unique_id": "AIPA343BU7IYMMJSBHQVM"
          },
          "sensitive_attributes": [],
          "private": "bnVsbA==",
          "dependencies": [
            "aws_iam_role.instance-role"
          ]
        }
      ]
    },
    {
      "mode": "managed",
      "type": "aws_iam_policy",
      "name": "instance-role-policy",
      "provider": "provider[\"registry.terraform.io/hashicorp/aws\"]",
      "instances": [
        {
          "schema_version": 0,
          "attributes": {
            "arn": "arn:aws:iam::817859197488:policy/hackerbox-live-instance-role-policy",
            "description": "Allows an instance to forward logs to CloudWatch and SSM",
            "id": "arn:aws:iam::817859197488:policy/hackerbox-live-instance-role-policy",
            "name": "hackerbox-live-instance-role-policy",
            "name_prefix": null,
            "path": "/",
            "policy": "{\"Statement\":[{\"Action\":[\"ssm:DescribeAssociation\",\"ssm:GetDeployablePatchSnapshotForInstance\",\"ssm:GetDocument\",\"ssm:DescribeDocument\",\"ssm:GetManifest\",\"ssm:GetParameter\",\"ssm:GetParameters\",\"ssm:ListAssociations\",\"ssm:ListInstanceAssociations\",\"ssm:PutInventory\",\"ssm:PutComplianceItems\",\"ssm:PutConfigurePackageResult\",\"ssm:UpdateAssociationStatus\",\"ssm:UpdateInstanceAssociationStatus\",\"ssm:UpdateInstanceInformation\"],\"Effect\":\"Allow\",\"Resource\":\"*\"},{\"Action\":[\"ssmmessages:CreateControlChannel\",\"ssmmessages:CreateDataChannel\",\"ssmmessages:OpenControlChannel\",\"ssmmessages:OpenDataChannel\"],\"Effect\":\"Allow\",\"Resource\":\"*\"},{\"Action\":[\"ec2messages:AcknowledgeMessage\",\"ec2messages:DeleteMessage\",\"ec2messages:FailMessage\",\"ec2messages:GetEndpoint\",\"ec2messages:GetMessages\",\"ec2messages:SendReply\"],\"Effect\":\"Allow\",\"Resource\":\"*\"},{\"Action\":[\"logs:DescribeDestinations\",\"logs:FilterLogEvents\",\"logs:PutMetricFilter\",\"logs:PutQueryDefinition\",\"logs:CreateLogGroup\",\"logs:CreateLogStream\",\"logs:PutLogEvents\",\"logs:PutRetentionPolicy\",\"logs:DescribeLogStreams\"],\"Effect\":\"Allow\",\"Resource\":[\"arn:aws:logs:*:*:*\"]}],\"Version\":\"2012-10-17\"}",
            "policy_id": "ANPA343BU7IYNLEPLXSC7",
            "tags": {
              "Environment": "live",
              "Owner": "John Doe",
              "Project": "HACKERBOX",
              "Service": "IAM Policy"
            },
            "tags_all": {
              "Environment": "live",
              "Owner": "John Doe",
              "Project": "HACKERBOX",
              "Service": "IAM Policy"
            }
          },
          "sensitive_attributes": [],
          "private": "bnVsbA=="
        }
      ]
    },
    {
      "mode": "managed",
      "type": "aws_iam_policy_attachment",
      "name": "iam-role-policy-attach",
      "provider": "provider[\"registry.terraform.io/hashicorp/aws\"]",
      "instances": [
        {
          "schema_version": 0,
          "attributes": {
            "groups": [],
            "id": "hackerbox-live-role-policy-attach",
            "name": "hackerbox-live-role-policy-attach",
            "policy_arn": "arn:aws:iam::817859197488:policy/hackerbox-live-instance-role-policy",
            "roles": [
              "hackerbox-live-instance-role"
            ],
            "users": []
          },
          "sensitive_attributes": [],
          "private": "bnVsbA==",
          "dependencies": [
            "aws_iam_policy.instance-role-policy",
            "aws_iam_role.instance-role"
          ]
        }
      ]
    },
    {
      "mode": "managed",
      "type": "aws_iam_role",
      "name": "instance-role",
      "provider": "provider[\"registry.terraform.io/hashicorp/aws\"]",
      "instances": [
        {
          "schema_version": 0,
          "attributes": {
            "arn": "arn:aws:iam::817859197488:role/hackerbox-live-instance-role",
            "assume_role_policy": "{\"Statement\":[{\"Action\":\"sts:AssumeRole\",\"Effect\":\"Allow\",\"Principal\":{\"Service\":\"ec2.amazonaws.com\"},\"Sid\":\"\"}],\"Version\":\"2012-10-17\"}",
            "create_date": "2022-12-17T06:37:51Z",
            "description": "",
            "force_detach_policies": false,
            "id": "hackerbox-live-instance-role",
            "inline_policy": [],
            "managed_policy_arns": [
              "arn:aws:iam::817859197488:policy/hackerbox-live-instance-role-policy"
            ],
            "max_session_duration": 3600,
            "name": "hackerbox-live-instance-role",
            "name_prefix": "",
            "path": "/",
            "permissions_boundary": null,
            "tags": {
              "Environment": "live",
              "Owner": "John Doe",
              "Project": "HACKERBOX",
              "Service": "IAM Role"
            },
            "tags_all": {
              "Environment": "live",
              "Owner": "John Doe",
              "Project": "HACKERBOX",
              "Service": "IAM Role"
            },
            "unique_id": "AROA343BU7IYCBSPESGTO"
          },
          "sensitive_attributes": [],
          "private": "bnVsbA=="
        }
      ]
    },
    {
      "mode": "managed",
      "type": "aws_key_pair",
      "name": "ec2",
      "provider": "provider[\"registry.terraform.io/hashicorp/aws\"]",
      "instances": [
        {
          "schema_version": 1,
          "attributes": {
            "arn": "arn:aws:ec2:us-east-1:817859197488:key-pair/hackerbox-live-key",
            "fingerprint": "93:36:dd:c0:d8:b2:3d:b1:c6:e0:bf:be:2d:78:fa:a0",
            "id": "hackerbox-live-key",
            "key_name": "hackerbox-live-key",
            "key_name_prefix": "",
            "key_pair_id": "key-0313c4908b91aa56c",
            "key_type": "rsa",
            "public_key": "ssh-rsa AAAAB3NzaC1yc2EAAAADAQABAAACAQDeXZhcMQXhudfBx5irvcldCHPXXt5df0C9+NtxXVQlzPdlUrCrqNCPfBTibhwtePIUgsGdUHFvkHZXxzB1SRp8stdDYL9L1/I9z3oCFwJqouGUEmuZ9CEHaJ14nmzB+J/KDeTWMMS3vRQeQGJqsO64dTOcRLZ+4E5k3zvogF++vnFPIQggiUBTc2RLGrxdnetmGDWlMnYT32qJxlKzE2glNjpYx4l7pJ1rloAZUJlsiZ2ua9qhe0Avp5vWA6tV1xfzmhbCn2OlZNTv0cxKLgnTNjA8wfNYcl9ZS8uYdekiPa0OvB4NGmkCnHeuZcXH+qydOmIZEALoFEG5eas1rVVkOj1qja5foMK77FbrYbeU3pwtgF+Soprqkf1Ta/hJIajYw75NaSP7uGBduO08yAxpCsJQJLP04ritm4t9iV0KZEh3ugQolC3HFfuNa6AB+i6gAF2PU0VWGo12/94r9DFnQujQclRmTt1bLpTd0xuB7M5bYOqPY/g3o2kHammCoMIGxDp+M1vs0V/OzW52OsSan1ApuOUzf8nM/XAuF8gsa8GaNmOqx3VjTohNam7yOR2q9YaYNfJg9iYCr3aPr4uATDfz+ApDOAXEzh+0hiimoHyVeHpur328CYoBzDPiyaHX9Ms3M5ewXWRyDUk8WeI72iqv3gax2EZxiq2QoGoRfQ==",
            "tags": {},
            "tags_all": {}
          },
          "sensitive_attributes": [],
          "private": "eyJzY2hlbWFfdmVyc2lvbiI6IjEifQ==",
          "dependencies": [
            "tls_private_key.ssh"
          ]
        }
      ]
    },
    {
      "mode": "managed",
      "type": "local_file",
      "name": "private_key",
      "provider": "provider[\"registry.terraform.io/hashicorp/local\"]",
      "instances": [
        {
          "schema_version": 0,
          "attributes": {
            "content": "-----BEGIN RSA PRIVATE KEY-----\nMIIJKAIBAAKCAgEA3l2YXDEF4bnXwceYq73JXQhz117eXX9AvfjbcV1UJcz3ZVKw\nq6jQj3wU4m4cLXjyFILBnVBxb5B2V8cwdUkafLLXQ2C/S9fyPc96AhcCaqLhlBJr\nmfQhB2ideJ5swfifyg3k1jDEt70UHkBiarDuuHUznES2fuBOZN876IBfvr5xTyEI\nIIlAU3NkSxq8XZ3rZhg1pTJ2E99qicZSsxNoJTY6WMeJe6Sda5aAGVCZbImdrmva\noXtAL6eb1gOrVdcX85oWwp9jpWTU79HMSi4J0zYwPMHzWHJfWUvLmHXpIj2tDrwe\nDRppApx3rmXFx/qsnTpiGRAC6BRBuXmrNa1VZDo9ao2uX6DCu+xW62G3lN6cLYBf\nkqKa6pH9U2v4SSGo2MO+TWkj+7hgXbjtPMgMaQrCUCSz9OK4rZuLfYldCmRId7oE\nKJQtxxX7jWugAfouoABdj1NFVhqNdv/eK/QxZ0Lo0HJUZk7dWy6U3dMbgezOW2Dq\nj2P4N6NpB2ppgqDCBsQ6fjNb7NFfzs1udjrEmp9QKbjlM3/JzP1wLhfILGvBmjZj\nqsd1Y06ITWpu8jkdqvWGmDXyYPYmAq92j6+LgEw38/gKQzgFxM4ftIYopqB8lXh6\nbq99vAmKAcwz4smh1/TLNzOXsF1kcg1JPFniO9oqr94GsdhGcYqtkKBqEX0CAwEA\nAQKCAgEAtZXc67wkv3ZR2K6z39t16oESiBeyosteBUSJfwPlyZCdnqJuH2AWIHYF\nX/rnC8MufM1iaqLcX2yrF3dT/RMbjCVHYIBK9xZ7fTpGuhosIQSuDYsVT31q02/8\n2BkXWzc61XePHdJpcln3adTOCa4+42biJISAOw/VNM6PT4g1p8BBK4sf5eHvI7ah\neit1E0X4i0DN3f9dKVFS4PuRYSdB7tFfyEv523xMCSW3qfSFtXqTx3HP8fqCKehH\ne/c3HTwvFQEKARjD+LZkpQrANvttjos7zQHdRKbxcixRMElpfkq7XcMFD1I32qgH\nm+UEJBBykVqx7SGEHh0cpufShlzr0wyQy25vIAciWR4DheB+42/7Va0eySZmvfOA\nLd6B/tpLzizJTkfln0uvN7cpEbm/GPWEF9bTbzDvoMc/eEyPiz44K6ZexZ2k+S26\ntdnED7kVHyZRXtNIypAr8mn8am1ZV1qH1Tg6+zZE7jduh6ntRP47blUkpREKP2hR\nWeqyaSvxBxf5mEQnbm9EIEjuohDnayxlEECI6hkxFq86PE8jQlg/tzlzri6OZD/l\nDSqMOuOkjWMAG1UDauTfByW7g91EzzuUwHDAuSPgr67Ew0aoc+vgaMUVjOT3ogI3\nqGjKqLmIqs3GVUZgTFxOn5FcHYoqbshFkk3VE22e60yyDYwBTgECggEBAP/1033m\nV34vsAys6/adTx3hNQgDLjsGp0llpOzRZr+qgrlkZ9jDoUd0hIsJwsoOyeL2nXyy\n6qB1TKwFcuCIrIVY7HWrzIZ5pdtwiB2hLa2LtyaOBruw3YYDAct9wz/E2b48vWJ9\nIy/gESFTTKZgkDKwtcrF+jmzY0GFub3BrAPn3S3cvugwaffUiaeGdJirzelH/1Qy\nAvilVXZb4g/boSAGOT7pnmEuRykijK4PCYlFB8vKaY8XiBSoXZ2xlHi8/xMJJk2d\nvcQiHoDFhBEJqT0ahM3eD5FM5Nj0tKcSpN/4sAKHaloNH81Lwkf7pl0kfOB/d5Cc\nedmnRNxRzkwtW8ECggEBAN5mbwcosXog7nagU33yGfrw63nmIoCWZQFxasnjkyh5\na9crvbPetPTk1EKT9kWCO/3qnI1pYFb9nk2OIytv8bMGzTzQYrqt8hbeY3MzkHls\np5t/x1QbTDbK6DVUTg/pxTBCCVKPLa9t7WUWBeNvF/pOuOFQkfYzHBBzdyzg/dDq\nB2jhycBdmbiJHqVaDtGNEMVMq7++CQ3xj+l/t1EfSg/JHoxBp0k9VCik3EfhtwkR\n0ErIEA0ynThs5KM9fNKGAS2u+vK3GHk6eJqS8JUOe/JjGtQyTcBneOsjjFd3M9jz\nScNc0nZOXcxTJAvtYIkp9kJFKGLPNc9ei7+8J11SVL0CggEAQwATO1qHPoW3HKpL\nHgPxiM3BtvY2LMdCFOlhcYgi0DsO+v54XHphBjZO16JXddLHL/0EHncrCZOK3WCT\nwIimOEWdp/OvlufS7Y0YZEEjltECwTneM1VJt2GkH6Ms781UfgKiRFyjUE3jzghj\nAQ430L0G6SxHosD9U1Jw22YN4/vWnsGwy1CY/IGLAuokLS6TuOPaxyxMMM/+ffvx\nQdto4tweMgSvK5sUj4T2tD1FbsQ+FS9H0GgFe/rSfovUZIJ8dnwnpZuL6AJSX7zU\nJC2WOmNtrgHZq1wob04m17D+rY4IbLELusTCtVeGZJdP5gO+GHnlT1pWXw307YMQ\ncEpTQQKCAQAGVDHqqTzLte4zUAKwPdiBbKO211a6BA2hyeF5F1HTwAjSmbsPSFIr\n+esUbfN/LOKaKjgESjBkqVj86gOUM95T8uiaR2/X0iVmgzOfTqNY4T+vzCYW/aPg\nl0ueYOTLzSJAalCrmcl6CY3M56CJRVsQU3ctakaNFA1DZpXIoCp47IADexFruP4r\n4zMND5AGZJZKlxD4JudJD0vCIFFOLK7F3jpRUXj6O5WOhoqCPSkhR/F+f0z9oygY\nN/kVsCVCNHAKJcWcbJt0r7ZI58+S3lOmpS1ZRokx5X/qaRuQTaMbFGlP9u9CUJ6Y\ntvD6qemqXZhVcHRiw3TLjuw5K5iPLk2dAoIBADUJBcVFZVOSD5Q1b1/WgucQfVxZ\n4xDRE9dnEsWX7CyIMJonGkHapTVOLEelgkKIyF6MHJmeUEV+HLAMvohBpwcMViXf\n1n/l6WFNJKQrPeQaLKPs/XTWwV9iNY9UDOU35s9ePJARNCSbK4NykDHVq+2CljGv\nLNNKogECDEJUwpn6WmnS1U8oeHjSzbHlOk143shVeuo1PrlLfmhUX9RzcKUpIyUU\nqjUOGYE6PVSgdJfVgFu03XOElhHSNHRM5FXyZA6mLQ6cqGYpwOBOSDaZ9btzDrem\npoyAicoY0dodn1UBfqDm+lWh0z/k1geJ6E3NwLUtUiPFHnet2hakKtkFSyk=\n-----END RSA PRIVATE KEY-----\n",
            "content_base64": null,
            "directory_permission": "0777",
            "file_permission": "0777",
            "filename": "hackerbox-live-key.pem",
            "id": "dd4db8cc85d5ec5b89dc6991efb23c0892ae6a55",
            "sensitive_content": null,
            "source": null
          },
          "sensitive_attributes": [
            [
              {
                "type": "get_attr",
                "value": "content"
              }
            ]
          ],
          "private": "bnVsbA==",
          "dependencies": [
            "tls_private_key.ssh"
          ]
        }
      ]
    },
    {
      "mode": "managed",
      "type": "null_resource",
      "name": "custom-configs",
      "provider": "provider[\"registry.terraform.io/hashicorp/null\"]",
      "instances": [
        {
          "schema_version": 0,
          "attributes": {
            "id": "572949944",
            "triggers": {
              "ansible_files": "4101ae8c8368106afccbbbeae221edc8734bcc07",
              "cloudwatch_conf": "ba900b2806ab07c0ac86ad636c4a09a4089553ce8b2630209fe7e28d8ff8e0e3",
              "nginx_conf": "69a6064be589bc9e630161b3339917872b0a23f1d1ce30aacbf90112081973db",
              "web_files": "f6dd25c211a6b0cdc0b4c4cc43b5d265e6ef5ef7"
            }
          },
          "sensitive_attributes": [],
          "dependencies": [
            "aws_eip.ec2",
            "aws_iam_instance_profile.instance-profile",
            "aws_key_pair.ec2",
            "data.archive_file.ansible_files",
            "data.archive_file.web_files",
            "module.ec2.aws_instance.this",
            "module.sg_ec2.aws_security_group.this",
            "module.vpc.aws_default_route_table.main_route_table",
            "module.vpc.aws_eip.nat_eip",
            "module.vpc.aws_internet_gateway.gw",
            "module.vpc.aws_nat_gateway.nat_gw",
            "module.vpc.aws_route.route-private",
            "module.vpc.aws_route.route-public",
            "module.vpc.aws_route_table.private_subnets-to-internet_route",
            "module.vpc.aws_route_table.public_subnet-to-igw_route",
            "module.vpc.aws_route_table_association.private_subnet-assoc",
            "module.vpc.aws_route_table_association.public_subnet-assoc",
            "module.vpc.aws_subnet.private",
            "module.vpc.aws_subnet.public",
            "module.vpc.aws_vpc.vpc",
            "null_resource.provision_files",
            "null_resource.ssh-init",
            "tls_private_key.ssh"
          ]
        }
      ]
    },
    {
      "mode": "managed",
      "type": "null_resource",
      "name": "provision_files",
      "provider": "provider[\"registry.terraform.io/hashicorp/null\"]",
      "instances": [
        {
          "schema_version": 0,
          "attributes": {
            "id": "415615282",
            "triggers": {
              "ansible_files": "4101ae8c8368106afccbbbeae221edc8734bcc07",
              "cloudwatch_conf": "ba900b2806ab07c0ac86ad636c4a09a4089553ce8b2630209fe7e28d8ff8e0e3",
              "nginx_conf": "69a6064be589bc9e630161b3339917872b0a23f1d1ce30aacbf90112081973db",
              "web_files": "f6dd25c211a6b0cdc0b4c4cc43b5d265e6ef5ef7"
            }
          },
          "sensitive_attributes": [],
          "dependencies": [
            "aws_eip.ec2",
            "aws_iam_instance_profile.instance-profile",
            "aws_key_pair.ec2",
            "data.archive_file.ansible_files",
            "data.archive_file.web_files",
            "module.ec2.aws_instance.this",
            "module.sg_ec2.aws_security_group.this",
            "module.vpc.aws_default_route_table.main_route_table",
            "module.vpc.aws_eip.nat_eip",
            "module.vpc.aws_internet_gateway.gw",
            "module.vpc.aws_nat_gateway.nat_gw",
            "module.vpc.aws_route.route-private",
            "module.vpc.aws_route.route-public",
            "module.vpc.aws_route_table.private_subnets-to-internet_route",
            "module.vpc.aws_route_table.public_subnet-to-igw_route",
            "module.vpc.aws_route_table_association.private_subnet-assoc",
            "module.vpc.aws_route_table_association.public_subnet-assoc",
            "module.vpc.aws_subnet.private",
            "module.vpc.aws_subnet.public",
            "module.vpc.aws_vpc.vpc",
            "null_resource.ssh-init",
            "tls_private_key.ssh"
          ]
        }
      ]
    },
    {
      "mode": "managed",
      "type": "null_resource",
      "name": "ssh-init",
      "provider": "provider[\"registry.terraform.io/hashicorp/null\"]",
      "instances": [
        {
          "schema_version": 0,
          "attributes": {
            "id": "1777030549",
            "triggers": {
              "key": "d83cf4c281fcb68b38ea726778795532d7911437ce9d56240c8db50f234339a2"
            }
          },
          "sensitive_attributes": [],
          "dependencies": [
            "aws_eip.ec2",
            "aws_iam_instance_profile.instance-profile",
            "aws_key_pair.ec2",
            "module.ec2.aws_instance.this",
            "module.sg_ec2.aws_security_group.this",
            "module.vpc.aws_default_route_table.main_route_table",
            "module.vpc.aws_eip.nat_eip",
            "module.vpc.aws_internet_gateway.gw",
            "module.vpc.aws_nat_gateway.nat_gw",
            "module.vpc.aws_route.route-private",
            "module.vpc.aws_route.route-public",
            "module.vpc.aws_route_table.private_subnets-to-internet_route",
            "module.vpc.aws_route_table.public_subnet-to-igw_route",
            "module.vpc.aws_route_table_association.private_subnet-assoc",
            "module.vpc.aws_route_table_association.public_subnet-assoc",
            "module.vpc.aws_subnet.private",
            "module.vpc.aws_subnet.public",
            "module.vpc.aws_vpc.vpc",
            "tls_private_key.ssh"
          ]
        }
      ]
    },
    {
      "mode": "managed",
      "type": "tls_private_key",
      "name": "ssh",
      "provider": "provider[\"registry.terraform.io/hashicorp/tls\"]",
      "instances": [
        {
          "schema_version": 1,
          "attributes": {
            "algorithm": "RSA",
            "ecdsa_curve": "P224",
            "id": "ab4f1665ab3eea2102055f7edaa047f813d4b8db",
            "private_key_openssh": "-----BEGIN OPENSSH PRIVATE KEY-----\nb3BlbnNzaC1rZXktdjEAAAAABG5vbmUAAAAEbm9uZQAAAAAAAAABAAACFwAAAAdz\nc2gtcnNhAAAAAwEAAQAAAgEA3l2YXDEF4bnXwceYq73JXQhz117eXX9AvfjbcV1U\nJcz3ZVKwq6jQj3wU4m4cLXjyFILBnVBxb5B2V8cwdUkafLLXQ2C/S9fyPc96AhcC\naqLhlBJrmfQhB2ideJ5swfifyg3k1jDEt70UHkBiarDuuHUznES2fuBOZN876IBf\nvr5xTyEIIIlAU3NkSxq8XZ3rZhg1pTJ2E99qicZSsxNoJTY6WMeJe6Sda5aAGVCZ\nbImdrmvaoXtAL6eb1gOrVdcX85oWwp9jpWTU79HMSi4J0zYwPMHzWHJfWUvLmHXp\nIj2tDrweDRppApx3rmXFx/qsnTpiGRAC6BRBuXmrNa1VZDo9ao2uX6DCu+xW62G3\nlN6cLYBfkqKa6pH9U2v4SSGo2MO+TWkj+7hgXbjtPMgMaQrCUCSz9OK4rZuLfYld\nCmRId7oEKJQtxxX7jWugAfouoABdj1NFVhqNdv/eK/QxZ0Lo0HJUZk7dWy6U3dMb\ngezOW2Dqj2P4N6NpB2ppgqDCBsQ6fjNb7NFfzs1udjrEmp9QKbjlM3/JzP1wLhfI\nLGvBmjZjqsd1Y06ITWpu8jkdqvWGmDXyYPYmAq92j6+LgEw38/gKQzgFxM4ftIYo\npqB8lXh6bq99vAmKAcwz4smh1/TLNzOXsF1kcg1JPFniO9oqr94GsdhGcYqtkKBq\nEX0AAAc4lyh/FpcofxYAAAAHc3NoLXJzYQAAAgEA3l2YXDEF4bnXwceYq73JXQhz\n117eXX9AvfjbcV1UJcz3ZVKwq6jQj3wU4m4cLXjyFILBnVBxb5B2V8cwdUkafLLX\nQ2C/S9fyPc96AhcCaqLhlBJrmfQhB2ideJ5swfifyg3k1jDEt70UHkBiarDuuHUz\nnES2fuBOZN876IBfvr5xTyEIIIlAU3NkSxq8XZ3rZhg1pTJ2E99qicZSsxNoJTY6\nWMeJe6Sda5aAGVCZbImdrmvaoXtAL6eb1gOrVdcX85oWwp9jpWTU79HMSi4J0zYw\nPMHzWHJfWUvLmHXpIj2tDrweDRppApx3rmXFx/qsnTpiGRAC6BRBuXmrNa1VZDo9\nao2uX6DCu+xW62G3lN6cLYBfkqKa6pH9U2v4SSGo2MO+TWkj+7hgXbjtPMgMaQrC\nUCSz9OK4rZuLfYldCmRId7oEKJQtxxX7jWugAfouoABdj1NFVhqNdv/eK/QxZ0Lo\n0HJUZk7dWy6U3dMbgezOW2Dqj2P4N6NpB2ppgqDCBsQ6fjNb7NFfzs1udjrEmp9Q\nKbjlM3/JzP1wLhfILGvBmjZjqsd1Y06ITWpu8jkdqvWGmDXyYPYmAq92j6+LgEw3\n8/gKQzgFxM4ftIYopqB8lXh6bq99vAmKAcwz4smh1/TLNzOXsF1kcg1JPFniO9oq\nr94GsdhGcYqtkKBqEX0AAAADAQABAAACAQC1ldzrvCS/dlHYrrPf23XqgRKIF7Ki\ny14FRIl/A+XJkJ2eom4fYBYgdgVf+ucLwy58zWJqotxfbKsXd1P9ExuMJUdggEr3\nFnt9Oka6GiwhBK4NixVPfWrTb/zYGRdbNzrVd48d0mlyWfdp1M4Jrj7jZuIkhIA7\nD9U0zo9PiDWnwEErix/l4e8jtqF6K3UTRfiLQM3d/10pUVLg+5FhJ0Hu0V/IS/nb\nfEwJJbep9IW1epPHcc/x+oIp6Ed79zcdPC8VAQoBGMP4tmSlCsA2+22OizvNAd1E\npvFyLFEwSWl+SrtdwwUPUjfaqAeb5QQkEHKRWrHtIYQeHRym59KGXOvTDJDLbm8g\nByJZHgOF4H7jb/tVrR7JJma984At3oH+2kvOLMlOR+WfS683tykRub8Y9YQX1tNv\nMO+gxz94TI+LPjgrpl7FnaT5Lbq12cQPuRUfJlFe00jKkCvyafxqbVlXWofVODr7\nNkTuN26Hqe1E/jtuVSSlEQo/aFFZ6rJpK/EHF/mYRCdub0QgSO6iEOdrLGUQQIjq\nGTEWrzo8TyNCWD+3OXOuLo5kP+UNKow646SNYwAbVQNq5N8HJbuD3UTPO5TAcMC5\nI+CvrsTDRqhz6+BoxRWM5PeiAjeoaMqouYiqzcZVRmBMXE6fkVwdiipuyEWSTdUT\nbZ7rTLINjAFOAQAAAQA1CQXFRWVTkg+UNW9f1oLnEH1cWeMQ0RPXZxLFl+wsiDCa\nJxpB2qU1TixHpYJCiMhejByZnlBFfhywDL6IQacHDFYl39Z/5elhTSSkKz3kGiyj\n7P101sFfYjWPVAzlN+bPXjyQETQkmyuDcpAx1avtgpYxryzTSqIBAgxCVMKZ+lpp\n0tVPKHh40s2x5TpNeN7IVXrqNT65S35oVF/Uc3ClKSMlFKo1DhmBOj1UoHSX1YBb\ntN1zhJYR0jR0TORV8mQOpi0OnKhmKcDgTkg2mfW7cw63pqaMgInKGNHaHZ9VAX6g\n5vpVodM/5NYHiehNzcC1LVIjxR53rdoWpCrZBUspAAABAQD/9dN95ld+L7AMrOv2\nnU8d4TUIAy47BqdJZaTs0Wa/qoK5ZGfYw6FHdISLCcLKDsni9p18suqgdUysBXLg\niKyFWOx1q8yGeaXbcIgdoS2ti7cmjga7sN2GAwHLfcM/xNm+PL1ifSMv4BEhU0ym\nYJAysLXKxfo5s2NBhbm9wawD590t3L7oMGn31ImnhnSYq83pR/9UMgL4pVV2W+IP\n26EgBjk+6Z5hLkcpIoyuDwmJRQfLymmPF4gUqF2dsZR4vP8TCSZNnb3EIh6AxYQR\nCak9GoTN3g+RTOTY9LSnEqTf+LACh2paDR/NS8JH+6ZdJHzgf3eQnHnZp0TcUc5M\nLVvBAAABAQDeZm8HKLF6IO52oFN98hn68Ot55iKAlmUBcWrJ45MoeWvXK72z3rT0\n5NRCk/ZFgjv96pyNaWBW/Z5NjiMrb/GzBs080GK6rfIW3mNzM5B5bKebf8dUG0w2\nyug1VE4P6cUwQglSjy2vbe1lFgXjbxf6TrjhUJH2MxwQc3cs4P3Q6gdo4cnAXZm4\niR6lWg7RjRDFTKu/vgkN8Y/pf7dRH0oPyR6MQadJPVQopNxH4bcJEdBKyBANMp04\nbOSjPXzShgEtrvrytxh5OniakvCVDnvyYxrUMk3AZ3jrI4xXdzPY80nDXNJ2Tl3M\nUyQL7WCJKfZCRShizzXPXou/vCddUlS9AAAAAAEC\n-----END OPENSSH PRIVATE KEY-----\n",
            "private_key_pem": "-----BEGIN RSA PRIVATE KEY-----\nMIIJKAIBAAKCAgEA3l2YXDEF4bnXwceYq73JXQhz117eXX9AvfjbcV1UJcz3ZVKw\nq6jQj3wU4m4cLXjyFILBnVBxb5B2V8cwdUkafLLXQ2C/S9fyPc96AhcCaqLhlBJr\nmfQhB2ideJ5swfifyg3k1jDEt70UHkBiarDuuHUznES2fuBOZN876IBfvr5xTyEI\nIIlAU3NkSxq8XZ3rZhg1pTJ2E99qicZSsxNoJTY6WMeJe6Sda5aAGVCZbImdrmva\noXtAL6eb1gOrVdcX85oWwp9jpWTU79HMSi4J0zYwPMHzWHJfWUvLmHXpIj2tDrwe\nDRppApx3rmXFx/qsnTpiGRAC6BRBuXmrNa1VZDo9ao2uX6DCu+xW62G3lN6cLYBf\nkqKa6pH9U2v4SSGo2MO+TWkj+7hgXbjtPMgMaQrCUCSz9OK4rZuLfYldCmRId7oE\nKJQtxxX7jWugAfouoABdj1NFVhqNdv/eK/QxZ0Lo0HJUZk7dWy6U3dMbgezOW2Dq\nj2P4N6NpB2ppgqDCBsQ6fjNb7NFfzs1udjrEmp9QKbjlM3/JzP1wLhfILGvBmjZj\nqsd1Y06ITWpu8jkdqvWGmDXyYPYmAq92j6+LgEw38/gKQzgFxM4ftIYopqB8lXh6\nbq99vAmKAcwz4smh1/TLNzOXsF1kcg1JPFniO9oqr94GsdhGcYqtkKBqEX0CAwEA\nAQKCAgEAtZXc67wkv3ZR2K6z39t16oESiBeyosteBUSJfwPlyZCdnqJuH2AWIHYF\nX/rnC8MufM1iaqLcX2yrF3dT/RMbjCVHYIBK9xZ7fTpGuhosIQSuDYsVT31q02/8\n2BkXWzc61XePHdJpcln3adTOCa4+42biJISAOw/VNM6PT4g1p8BBK4sf5eHvI7ah\neit1E0X4i0DN3f9dKVFS4PuRYSdB7tFfyEv523xMCSW3qfSFtXqTx3HP8fqCKehH\ne/c3HTwvFQEKARjD+LZkpQrANvttjos7zQHdRKbxcixRMElpfkq7XcMFD1I32qgH\nm+UEJBBykVqx7SGEHh0cpufShlzr0wyQy25vIAciWR4DheB+42/7Va0eySZmvfOA\nLd6B/tpLzizJTkfln0uvN7cpEbm/GPWEF9bTbzDvoMc/eEyPiz44K6ZexZ2k+S26\ntdnED7kVHyZRXtNIypAr8mn8am1ZV1qH1Tg6+zZE7jduh6ntRP47blUkpREKP2hR\nWeqyaSvxBxf5mEQnbm9EIEjuohDnayxlEECI6hkxFq86PE8jQlg/tzlzri6OZD/l\nDSqMOuOkjWMAG1UDauTfByW7g91EzzuUwHDAuSPgr67Ew0aoc+vgaMUVjOT3ogI3\nqGjKqLmIqs3GVUZgTFxOn5FcHYoqbshFkk3VE22e60yyDYwBTgECggEBAP/1033m\nV34vsAys6/adTx3hNQgDLjsGp0llpOzRZr+qgrlkZ9jDoUd0hIsJwsoOyeL2nXyy\n6qB1TKwFcuCIrIVY7HWrzIZ5pdtwiB2hLa2LtyaOBruw3YYDAct9wz/E2b48vWJ9\nIy/gESFTTKZgkDKwtcrF+jmzY0GFub3BrAPn3S3cvugwaffUiaeGdJirzelH/1Qy\nAvilVXZb4g/boSAGOT7pnmEuRykijK4PCYlFB8vKaY8XiBSoXZ2xlHi8/xMJJk2d\nvcQiHoDFhBEJqT0ahM3eD5FM5Nj0tKcSpN/4sAKHaloNH81Lwkf7pl0kfOB/d5Cc\nedmnRNxRzkwtW8ECggEBAN5mbwcosXog7nagU33yGfrw63nmIoCWZQFxasnjkyh5\na9crvbPetPTk1EKT9kWCO/3qnI1pYFb9nk2OIytv8bMGzTzQYrqt8hbeY3MzkHls\np5t/x1QbTDbK6DVUTg/pxTBCCVKPLa9t7WUWBeNvF/pOuOFQkfYzHBBzdyzg/dDq\nB2jhycBdmbiJHqVaDtGNEMVMq7++CQ3xj+l/t1EfSg/JHoxBp0k9VCik3EfhtwkR\n0ErIEA0ynThs5KM9fNKGAS2u+vK3GHk6eJqS8JUOe/JjGtQyTcBneOsjjFd3M9jz\nScNc0nZOXcxTJAvtYIkp9kJFKGLPNc9ei7+8J11SVL0CggEAQwATO1qHPoW3HKpL\nHgPxiM3BtvY2LMdCFOlhcYgi0DsO+v54XHphBjZO16JXddLHL/0EHncrCZOK3WCT\nwIimOEWdp/OvlufS7Y0YZEEjltECwTneM1VJt2GkH6Ms781UfgKiRFyjUE3jzghj\nAQ430L0G6SxHosD9U1Jw22YN4/vWnsGwy1CY/IGLAuokLS6TuOPaxyxMMM/+ffvx\nQdto4tweMgSvK5sUj4T2tD1FbsQ+FS9H0GgFe/rSfovUZIJ8dnwnpZuL6AJSX7zU\nJC2WOmNtrgHZq1wob04m17D+rY4IbLELusTCtVeGZJdP5gO+GHnlT1pWXw307YMQ\ncEpTQQKCAQAGVDHqqTzLte4zUAKwPdiBbKO211a6BA2hyeF5F1HTwAjSmbsPSFIr\n+esUbfN/LOKaKjgESjBkqVj86gOUM95T8uiaR2/X0iVmgzOfTqNY4T+vzCYW/aPg\nl0ueYOTLzSJAalCrmcl6CY3M56CJRVsQU3ctakaNFA1DZpXIoCp47IADexFruP4r\n4zMND5AGZJZKlxD4JudJD0vCIFFOLK7F3jpRUXj6O5WOhoqCPSkhR/F+f0z9oygY\nN/kVsCVCNHAKJcWcbJt0r7ZI58+S3lOmpS1ZRokx5X/qaRuQTaMbFGlP9u9CUJ6Y\ntvD6qemqXZhVcHRiw3TLjuw5K5iPLk2dAoIBADUJBcVFZVOSD5Q1b1/WgucQfVxZ\n4xDRE9dnEsWX7CyIMJonGkHapTVOLEelgkKIyF6MHJmeUEV+HLAMvohBpwcMViXf\n1n/l6WFNJKQrPeQaLKPs/XTWwV9iNY9UDOU35s9ePJARNCSbK4NykDHVq+2CljGv\nLNNKogECDEJUwpn6WmnS1U8oeHjSzbHlOk143shVeuo1PrlLfmhUX9RzcKUpIyUU\nqjUOGYE6PVSgdJfVgFu03XOElhHSNHRM5FXyZA6mLQ6cqGYpwOBOSDaZ9btzDrem\npoyAicoY0dodn1UBfqDm+lWh0z/k1geJ6E3NwLUtUiPFHnet2hakKtkFSyk=\n-----END RSA PRIVATE KEY-----\n",
            "private_key_pem_pkcs8": "-----BEGIN PRIVATE KEY-----\nMIIJQgIBADANBgkqhkiG9w0BAQEFAASCCSwwggkoAgEAAoICAQDeXZhcMQXhudfB\nx5irvcldCHPXXt5df0C9+NtxXVQlzPdlUrCrqNCPfBTibhwtePIUgsGdUHFvkHZX\nxzB1SRp8stdDYL9L1/I9z3oCFwJqouGUEmuZ9CEHaJ14nmzB+J/KDeTWMMS3vRQe\nQGJqsO64dTOcRLZ+4E5k3zvogF++vnFPIQggiUBTc2RLGrxdnetmGDWlMnYT32qJ\nxlKzE2glNjpYx4l7pJ1rloAZUJlsiZ2ua9qhe0Avp5vWA6tV1xfzmhbCn2OlZNTv\n0cxKLgnTNjA8wfNYcl9ZS8uYdekiPa0OvB4NGmkCnHeuZcXH+qydOmIZEALoFEG5\neas1rVVkOj1qja5foMK77FbrYbeU3pwtgF+Soprqkf1Ta/hJIajYw75NaSP7uGBd\nuO08yAxpCsJQJLP04ritm4t9iV0KZEh3ugQolC3HFfuNa6AB+i6gAF2PU0VWGo12\n/94r9DFnQujQclRmTt1bLpTd0xuB7M5bYOqPY/g3o2kHammCoMIGxDp+M1vs0V/O\nzW52OsSan1ApuOUzf8nM/XAuF8gsa8GaNmOqx3VjTohNam7yOR2q9YaYNfJg9iYC\nr3aPr4uATDfz+ApDOAXEzh+0hiimoHyVeHpur328CYoBzDPiyaHX9Ms3M5ewXWRy\nDUk8WeI72iqv3gax2EZxiq2QoGoRfQIDAQABAoICAQC1ldzrvCS/dlHYrrPf23Xq\ngRKIF7Kiy14FRIl/A+XJkJ2eom4fYBYgdgVf+ucLwy58zWJqotxfbKsXd1P9ExuM\nJUdggEr3Fnt9Oka6GiwhBK4NixVPfWrTb/zYGRdbNzrVd48d0mlyWfdp1M4Jrj7j\nZuIkhIA7D9U0zo9PiDWnwEErix/l4e8jtqF6K3UTRfiLQM3d/10pUVLg+5FhJ0Hu\n0V/IS/nbfEwJJbep9IW1epPHcc/x+oIp6Ed79zcdPC8VAQoBGMP4tmSlCsA2+22O\nizvNAd1EpvFyLFEwSWl+SrtdwwUPUjfaqAeb5QQkEHKRWrHtIYQeHRym59KGXOvT\nDJDLbm8gByJZHgOF4H7jb/tVrR7JJma984At3oH+2kvOLMlOR+WfS683tykRub8Y\n9YQX1tNvMO+gxz94TI+LPjgrpl7FnaT5Lbq12cQPuRUfJlFe00jKkCvyafxqbVlX\nWofVODr7NkTuN26Hqe1E/jtuVSSlEQo/aFFZ6rJpK/EHF/mYRCdub0QgSO6iEOdr\nLGUQQIjqGTEWrzo8TyNCWD+3OXOuLo5kP+UNKow646SNYwAbVQNq5N8HJbuD3UTP\nO5TAcMC5I+CvrsTDRqhz6+BoxRWM5PeiAjeoaMqouYiqzcZVRmBMXE6fkVwdiipu\nyEWSTdUTbZ7rTLINjAFOAQKCAQEA//XTfeZXfi+wDKzr9p1PHeE1CAMuOwanSWWk\n7NFmv6qCuWRn2MOhR3SEiwnCyg7J4vadfLLqoHVMrAVy4IishVjsdavMhnml23CI\nHaEtrYu3Jo4Gu7DdhgMBy33DP8TZvjy9Yn0jL+ARIVNMpmCQMrC1ysX6ObNjQYW5\nvcGsA+fdLdy+6DBp99SJp4Z0mKvN6Uf/VDIC+KVVdlviD9uhIAY5PumeYS5HKSKM\nrg8JiUUHy8ppjxeIFKhdnbGUeLz/EwkmTZ29xCIegMWEEQmpPRqEzd4PkUzk2PS0\npxKk3/iwAodqWg0fzUvCR/umXSR84H93kJx52adE3FHOTC1bwQKCAQEA3mZvByix\neiDudqBTffIZ+vDreeYigJZlAXFqyeOTKHlr1yu9s9609OTUQpP2RYI7/eqcjWlg\nVv2eTY4jK2/xswbNPNBiuq3yFt5jczOQeWynm3/HVBtMNsroNVROD+nFMEIJUo8t\nr23tZRYF428X+k644VCR9jMcEHN3LOD90OoHaOHJwF2ZuIkepVoO0Y0QxUyrv74J\nDfGP6X+3UR9KD8kejEGnST1UKKTcR+G3CRHQSsgQDTKdOGzkoz180oYBLa768rcY\neTp4mpLwlQ578mMa1DJNwGd46yOMV3cz2PNJw1zSdk5dzFMkC+1giSn2QkUoYs81\nz16Lv7wnXVJUvQKCAQBDABM7Woc+hbccqkseA/GIzcG29jYsx0IU6WFxiCLQOw76\n/nhcemEGNk7Xold10scv/QQedysJk4rdYJPAiKY4RZ2n86+W59LtjRhkQSOW0QLB\nOd4zVUm3YaQfoyzvzVR+AqJEXKNQTePOCGMBDjfQvQbpLEeiwP1TUnDbZg3j+9ae\nwbDLUJj8gYsC6iQtLpO449rHLEwwz/59+/FB22ji3B4yBK8rmxSPhPa0PUVuxD4V\nL0fQaAV7+tJ+i9Rkgnx2fCelm4voAlJfvNQkLZY6Y22uAdmrXChvTibXsP6tjghs\nsQu6xMK1V4Zkl0/mA74YeeVPWlZfDfTtgxBwSlNBAoIBAAZUMeqpPMu17jNQArA9\n2IFso7bXVroEDaHJ4XkXUdPACNKZuw9IUiv56xRt838s4poqOARKMGSpWPzqA5Qz\n3lPy6JpHb9fSJWaDM59Oo1jhP6/MJhb9o+CXS55g5MvNIkBqUKuZyXoJjcznoIlF\nWxBTdy1qRo0UDUNmlcigKnjsgAN7EWu4/ivjMw0PkAZklkqXEPgm50kPS8IgUU4s\nrsXeOlFRePo7lY6GioI9KSFH8X5/TP2jKBg3+RWwJUI0cAolxZxsm3Svtkjnz5Le\nU6alLVlGiTHlf+ppG5BNoxsUaU/270JQnpi28Pqp6apdmFVwdGLDdMuO7DkrmI8u\nTZ0CggEANQkFxUVlU5IPlDVvX9aC5xB9XFnjENET12cSxZfsLIgwmicaQdqlNU4s\nR6WCQojIXowcmZ5QRX4csAy+iEGnBwxWJd/Wf+XpYU0kpCs95Boso+z9dNbBX2I1\nj1QM5Tfmz148kBE0JJsrg3KQMdWr7YKWMa8s00qiAQIMQlTCmfpaadLVTyh4eNLN\nseU6TXjeyFV66jU+uUt+aFRf1HNwpSkjJRSqNQ4ZgTo9VKB0l9WAW7Tdc4SWEdI0\ndEzkVfJkDqYtDpyoZinA4E5INpn1u3MOt6amjICJyhjR2h2fVQF+oOb6VaHTP+TW\nB4noTc3AtS1SI8Ued63aFqQq2QVLKQ==\n-----END PRIVATE KEY-----\n",
            "public_key_fingerprint_md5": "04:19:6f:f5:9c:df:81:4a:0e:d7:84:81:fb:8e:0e:2f",
            "public_key_fingerprint_sha256": "SHA256:28reavWXbk6fFMVjroM1ViJiJytsCv3Q110lvPAEKfw",
            "public_key_openssh": "ssh-rsa AAAAB3NzaC1yc2EAAAADAQABAAACAQDeXZhcMQXhudfBx5irvcldCHPXXt5df0C9+NtxXVQlzPdlUrCrqNCPfBTibhwtePIUgsGdUHFvkHZXxzB1SRp8stdDYL9L1/I9z3oCFwJqouGUEmuZ9CEHaJ14nmzB+J/KDeTWMMS3vRQeQGJqsO64dTOcRLZ+4E5k3zvogF++vnFPIQggiUBTc2RLGrxdnetmGDWlMnYT32qJxlKzE2glNjpYx4l7pJ1rloAZUJlsiZ2ua9qhe0Avp5vWA6tV1xfzmhbCn2OlZNTv0cxKLgnTNjA8wfNYcl9ZS8uYdekiPa0OvB4NGmkCnHeuZcXH+qydOmIZEALoFEG5eas1rVVkOj1qja5foMK77FbrYbeU3pwtgF+Soprqkf1Ta/hJIajYw75NaSP7uGBduO08yAxpCsJQJLP04ritm4t9iV0KZEh3ugQolC3HFfuNa6AB+i6gAF2PU0VWGo12/94r9DFnQujQclRmTt1bLpTd0xuB7M5bYOqPY/g3o2kHammCoMIGxDp+M1vs0V/OzW52OsSan1ApuOUzf8nM/XAuF8gsa8GaNmOqx3VjTohNam7yOR2q9YaYNfJg9iYCr3aPr4uATDfz+ApDOAXEzh+0hiimoHyVeHpur328CYoBzDPiyaHX9Ms3M5ewXWRyDUk8WeI72iqv3gax2EZxiq2QoGoRfQ==\n",
            "public_key_pem": "-----BEGIN PUBLIC KEY-----\nMIICIjANBgkqhkiG9w0BAQEFAAOCAg8AMIICCgKCAgEA3l2YXDEF4bnXwceYq73J\nXQhz117eXX9AvfjbcV1UJcz3ZVKwq6jQj3wU4m4cLXjyFILBnVBxb5B2V8cwdUka\nfLLXQ2C/S9fyPc96AhcCaqLhlBJrmfQhB2ideJ5swfifyg3k1jDEt70UHkBiarDu\nuHUznES2fuBOZN876IBfvr5xTyEIIIlAU3NkSxq8XZ3rZhg1pTJ2E99qicZSsxNo\nJTY6WMeJe6Sda5aAGVCZbImdrmvaoXtAL6eb1gOrVdcX85oWwp9jpWTU79HMSi4J\n0zYwPMHzWHJfWUvLmHXpIj2tDrweDRppApx3rmXFx/qsnTpiGRAC6BRBuXmrNa1V\nZDo9ao2uX6DCu+xW62G3lN6cLYBfkqKa6pH9U2v4SSGo2MO+TWkj+7hgXbjtPMgM\naQrCUCSz9OK4rZuLfYldCmRId7oEKJQtxxX7jWugAfouoABdj1NFVhqNdv/eK/Qx\nZ0Lo0HJUZk7dWy6U3dMbgezOW2Dqj2P4N6NpB2ppgqDCBsQ6fjNb7NFfzs1udjrE\nmp9QKbjlM3/JzP1wLhfILGvBmjZjqsd1Y06ITWpu8jkdqvWGmDXyYPYmAq92j6+L\ngEw38/gKQzgFxM4ftIYopqB8lXh6bq99vAmKAcwz4smh1/TLNzOXsF1kcg1JPFni\nO9oqr94GsdhGcYqtkKBqEX0CAwEAAQ==\n-----END PUBLIC KEY-----\n",
            "rsa_bits": 4096
          },
          "sensitive_attributes": []
        }
      ]
    },
    {
      "module": "module.cloudwatch",
      "mode": "managed",
      "type": "aws_cloudwatch_log_group",
      "name": "this",
      "provider": "provider[\"registry.terraform.io/hashicorp/aws\"]",
      "instances": [
        {
          "index_key": "hackerbox-live-logs",
          "schema_version": 0,
          "attributes": {
            "arn": "arn:aws:logs:us-east-1:817859197488:log-group:hackerbox-live-logs",
            "id": "hackerbox-live-logs",
            "kms_key_id": "",
            "name": "hackerbox-live-logs",
            "name_prefix": "",
            "retention_in_days": 30,
            "skip_destroy": false,
            "tags": {
              "Environment": "live",
              "Owner": "John Doe",
              "Project": "HACKERBOX"
            },
            "tags_all": {
              "Environment": "live",
              "Owner": "John Doe",
              "Project": "HACKERBOX"
            }
          },
          "sensitive_attributes": [],
          "private": "bnVsbA=="
        }
      ]
    },
    {
      "module": "module.ec2",
      "mode": "managed",
      "type": "aws_instance",
      "name": "this",
      "provider": "provider[\"registry.terraform.io/hashicorp/aws\"]",
      "instances": [
        {
          "index_key": "hackerbox-live-ec2",
          "schema_version": 1,
          "attributes": {
            "ami": "ami-0b0ea68c435eb488d",
            "arn": "arn:aws:ec2:us-east-1:817859197488:instance/i-003e31c6fe38ee703",
            "associate_public_ip_address": true,
            "availability_zone": "us-east-1a",
            "capacity_reservation_specification": [
              {
                "capacity_reservation_preference": "open",
                "capacity_reservation_target": []
              }
            ],
            "cpu_core_count": 1,
            "cpu_threads_per_core": 2,
            "credit_specification": [
              {
                "cpu_credits": "unlimited"
              }
            ],
            "disable_api_stop": false,
            "disable_api_termination": false,
            "ebs_block_device": [],
            "ebs_optimized": false,
            "enclave_options": [
              {
                "enabled": false
              }
            ],
            "ephemeral_block_device": [],
            "get_password_data": false,
            "hibernation": false,
            "host_id": null,
            "host_resource_group_arn": null,
            "iam_instance_profile": "hackerbox-live-instance-profile",
            "id": "i-003e31c6fe38ee703",
            "instance_initiated_shutdown_behavior": "stop",
            "instance_state": "running",
            "instance_type": "t3a.small",
            "ipv6_address_count": 0,
            "ipv6_addresses": [],
            "key_name": "hackerbox-live-key",
            "launch_template": [],
            "maintenance_options": [
              {
                "auto_recovery": "default"
              }
            ],
            "metadata_options": [
              {
                "http_endpoint": "enabled",
                "http_put_response_hop_limit": 1,
                "http_tokens": "required",
                "instance_metadata_tags": "disabled"
              }
            ],
            "monitoring": true,
            "network_interface": [],
            "outpost_arn": "",
            "password_data": "",
            "placement_group": "",
            "placement_partition_number": null,
            "primary_network_interface_id": "eni-003a07285e5cca4c5",
            "private_dns": "ip-10-10-0-42.ec2.internal",
            "private_dns_name_options": [
              {
                "enable_resource_name_dns_a_record": false,
                "enable_resource_name_dns_aaaa_record": false,
                "hostname_type": "ip-name"
              }
            ],
            "private_ip": "10.10.0.42",
            "public_dns": "ec2-52-73-152-50.compute-1.amazonaws.com",
            "public_ip": "52.73.152.50",
            "root_block_device": [
              {
                "delete_on_termination": true,
                "device_name": "/dev/sda1",
                "encrypted": false,
                "iops": 120,
                "kms_key_id": "",
                "tags": null,
                "throughput": 0,
                "volume_id": "vol-0b8a0ed065d616d88",
                "volume_size": 40,
                "volume_type": "gp2"
              }
            ],
            "secondary_private_ips": [],
            "security_groups": [],
            "source_dest_check": true,
            "subnet_id": "subnet-0297a3c8d75bad424",
            "tags": {
              "Environment": "live",
              "Name": "hackerbox-live-ec2",
              "Owner": "John Doe",
              "Project": "HACKERBOX",
              "Service": "EC2"
            },
            "tags_all": {
              "Environment": "live",
              "Name": "hackerbox-live-ec2",
              "Owner": "John Doe",
              "Project": "HACKERBOX",
              "Service": "EC2"
            },
            "tenancy": "default",
            "timeouts": {
              "create": null,
              "delete": null,
              "update": null
            },
            "user_data": null,
            "user_data_base64": null,
            "user_data_replace_on_change": false,
            "volume_tags": {
              "Environment": "live",
              "Name": "hackerbox-live-root-block",
              "Owner": "John Doe",
              "Project": "HACKERBOX",
              "Service": "EBS"
            },
            "vpc_security_group_ids": [
              "sg-0ef80e67837c26e79"
            ]
          },
          "sensitive_attributes": [],
          "private": "eyJlMmJmYjczMC1lY2FhLTExZTYtOGY4OC0zNDM2M2JjN2M0YzAiOnsiY3JlYXRlIjo2MDAwMDAwMDAwMDAsImRlbGV0ZSI6MTIwMDAwMDAwMDAwMCwidXBkYXRlIjo2MDAwMDAwMDAwMDB9LCJzY2hlbWFfdmVyc2lvbiI6IjEifQ==",
          "dependencies": [
            "aws_iam_instance_profile.instance-profile",
            "aws_key_pair.ec2",
            "module.sg_ec2.aws_security_group.this",
            "module.vpc.aws_default_route_table.main_route_table",
            "module.vpc.aws_eip.nat_eip",
            "module.vpc.aws_internet_gateway.gw",
            "module.vpc.aws_nat_gateway.nat_gw",
            "module.vpc.aws_route.route-private",
            "module.vpc.aws_route.route-public",
            "module.vpc.aws_route_table.private_subnets-to-internet_route",
            "module.vpc.aws_route_table.public_subnet-to-igw_route",
            "module.vpc.aws_route_table_association.private_subnet-assoc",
            "module.vpc.aws_route_table_association.public_subnet-assoc",
            "module.vpc.aws_subnet.private",
            "module.vpc.aws_subnet.public",
            "module.vpc.aws_vpc.vpc"
          ]
        }
      ]
    },
    {
      "module": "module.sg_ec2",
      "mode": "managed",
      "type": "aws_security_group",
      "name": "this",
      "provider": "provider[\"registry.terraform.io/hashicorp/aws\"]",
      "instances": [
        {
          "schema_version": 1,
          "attributes": {
            "arn": "arn:aws:ec2:us-east-1:817859197488:security-group/sg-0ef80e67837c26e79",
            "description": "SG for hackerbox live EC2",
            "egress": [
              {
                "cidr_blocks": [
                  "0.0.0.0/0"
                ],
                "description": "http-80",
                "from_port": 80,
                "ipv6_cidr_blocks": [
                  "::/0"
                ],
                "prefix_list_ids": [],
                "protocol": "tcp",
                "security_groups": [],
                "self": false,
                "to_port": 80
              },
              {
                "cidr_blocks": [
                  "0.0.0.0/0"
                ],
                "description": "https-443",
                "from_port": 443,
                "ipv6_cidr_blocks": [
                  "::/0"
                ],
                "prefix_list_ids": [],
                "protocol": "tcp",
                "security_groups": [],
                "self": false,
                "to_port": 443
              }
            ],
            "id": "sg-0ef80e67837c26e79",
            "ingress": [
              {
                "cidr_blocks": [
                  "0.0.0.0/0"
                ],
                "description": "http-80",
                "from_port": 80,
                "ipv6_cidr_blocks": [
                  "::/0"
                ],
                "prefix_list_ids": [],
                "protocol": "tcp",
                "security_groups": [],
                "self": false,
                "to_port": 80
              },
              {
                "cidr_blocks": [
                  "0.0.0.0/0"
                ],
                "description": "https-443",
                "from_port": 443,
                "ipv6_cidr_blocks": [
                  "::/0"
                ],
                "prefix_list_ids": [],
                "protocol": "tcp",
                "security_groups": [],
                "self": false,
                "to_port": 443
              },
              {
                "cidr_blocks": [
                  "0.0.0.0/0"
                ],
                "description": "ssh",
                "from_port": 22,
                "ipv6_cidr_blocks": [
                  "::/0"
                ],
                "prefix_list_ids": [],
                "protocol": "tcp",
                "security_groups": [],
                "self": false,
                "to_port": 22
              }
            ],
            "name": "hackerbox-live-ec220221217063815350400000001",
            "name_prefix": "hackerbox-live-ec2",
            "owner_id": "817859197488",
            "revoke_rules_on_delete": true,
            "tags": {
              "Environment": "live",
              "Name": "hackerbox-live-ec2",
              "Owner": "John Doe",
              "Project": "HACKERBOX",
              "Service": "Security Group"
            },
            "tags_all": {
              "Environment": "live",
              "Name": "hackerbox-live-ec2",
              "Owner": "John Doe",
              "Project": "HACKERBOX",
              "Service": "Security Group"
            },
            "timeouts": null,
            "vpc_id": "vpc-0b7c9d1bc10ec7c73"
          },
          "sensitive_attributes": [],
          "private": "eyJlMmJmYjczMC1lY2FhLTExZTYtOGY4OC0zNDM2M2JjN2M0YzAiOnsiY3JlYXRlIjo2MDAwMDAwMDAwMDAsImRlbGV0ZSI6OTAwMDAwMDAwMDAwfSwic2NoZW1hX3ZlcnNpb24iOiIxIn0=",
          "dependencies": [
            "module.vpc.aws_default_route_table.main_route_table",
            "module.vpc.aws_eip.nat_eip",
            "module.vpc.aws_internet_gateway.gw",
            "module.vpc.aws_nat_gateway.nat_gw",
            "module.vpc.aws_route.route-private",
            "module.vpc.aws_route.route-public",
            "module.vpc.aws_route_table.private_subnets-to-internet_route",
            "module.vpc.aws_route_table.public_subnet-to-igw_route",
            "module.vpc.aws_route_table_association.private_subnet-assoc",
            "module.vpc.aws_route_table_association.public_subnet-assoc",
            "module.vpc.aws_subnet.private",
            "module.vpc.aws_subnet.public",
            "module.vpc.aws_vpc.vpc"
          ]
        }
      ]
    },
    {
      "module": "module.sg_ec2-rules",
      "mode": "managed",
      "type": "aws_security_group_rule",
      "name": "this",
      "provider": "provider[\"registry.terraform.io/hashicorp/aws\"]",
      "instances": [
        {
          "index_key": "rule01",
          "schema_version": 2,
          "attributes": {
            "cidr_blocks": [
              "0.0.0.0/0"
            ],
            "description": "https-443",
            "from_port": 443,
            "id": "sgrule-489963673",
            "ipv6_cidr_blocks": [
              "::/0"
            ],
            "prefix_list_ids": null,
            "protocol": "tcp",
            "security_group_id": "sg-0ef80e67837c26e79",
            "security_group_rule_id": "",
            "self": false,
            "source_security_group_id": null,
            "timeouts": null,
            "to_port": 443,
            "type": "ingress"
          },
          "sensitive_attributes": [],
          "private": "eyJlMmJmYjczMC1lY2FhLTExZTYtOGY4OC0zNDM2M2JjN2M0YzAiOnsiY3JlYXRlIjozMDAwMDAwMDAwMDB9LCJzY2hlbWFfdmVyc2lvbiI6IjIifQ==",
          "dependencies": [
            "module.sg_ec2.aws_security_group.this",
            "module.vpc.aws_default_route_table.main_route_table",
            "module.vpc.aws_eip.nat_eip",
            "module.vpc.aws_internet_gateway.gw",
            "module.vpc.aws_nat_gateway.nat_gw",
            "module.vpc.aws_route.route-private",
            "module.vpc.aws_route.route-public",
            "module.vpc.aws_route_table.private_subnets-to-internet_route",
            "module.vpc.aws_route_table.public_subnet-to-igw_route",
            "module.vpc.aws_route_table_association.private_subnet-assoc",
            "module.vpc.aws_route_table_association.public_subnet-assoc",
            "module.vpc.aws_subnet.private",
            "module.vpc.aws_subnet.public",
            "module.vpc.aws_vpc.vpc"
          ]
        },
        {
          "index_key": "rule02",
          "schema_version": 2,
          "attributes": {
            "cidr_blocks": [
              "0.0.0.0/0"
            ],
            "description": "http-80",
            "from_port": 80,
            "id": "sgrule-2080547911",
            "ipv6_cidr_blocks": [
              "::/0"
            ],
            "prefix_list_ids": null,
            "protocol": "tcp",
            "security_group_id": "sg-0ef80e67837c26e79",
            "security_group_rule_id": "",
            "self": false,
            "source_security_group_id": null,
            "timeouts": null,
            "to_port": 80,
            "type": "ingress"
          },
          "sensitive_attributes": [],
          "private": "eyJlMmJmYjczMC1lY2FhLTExZTYtOGY4OC0zNDM2M2JjN2M0YzAiOnsiY3JlYXRlIjozMDAwMDAwMDAwMDB9LCJzY2hlbWFfdmVyc2lvbiI6IjIifQ==",
          "dependencies": [
            "module.sg_ec2.aws_security_group.this",
            "module.vpc.aws_default_route_table.main_route_table",
            "module.vpc.aws_eip.nat_eip",
            "module.vpc.aws_internet_gateway.gw",
            "module.vpc.aws_nat_gateway.nat_gw",
            "module.vpc.aws_route.route-private",
            "module.vpc.aws_route.route-public",
            "module.vpc.aws_route_table.private_subnets-to-internet_route",
            "module.vpc.aws_route_table.public_subnet-to-igw_route",
            "module.vpc.aws_route_table_association.private_subnet-assoc",
            "module.vpc.aws_route_table_association.public_subnet-assoc",
            "module.vpc.aws_subnet.private",
            "module.vpc.aws_subnet.public",
            "module.vpc.aws_vpc.vpc"
          ]
        },
        {
          "index_key": "rule03",
          "schema_version": 2,
          "attributes": {
            "cidr_blocks": [
              "0.0.0.0/0"
            ],
            "description": "ssh",
            "from_port": 22,
            "id": "sgrule-1015061708",
            "ipv6_cidr_blocks": [
              "::/0"
            ],
            "prefix_list_ids": null,
            "protocol": "tcp",
            "security_group_id": "sg-0ef80e67837c26e79",
            "security_group_rule_id": "",
            "self": false,
            "source_security_group_id": null,
            "timeouts": null,
            "to_port": 22,
            "type": "ingress"
          },
          "sensitive_attributes": [],
          "private": "eyJlMmJmYjczMC1lY2FhLTExZTYtOGY4OC0zNDM2M2JjN2M0YzAiOnsiY3JlYXRlIjozMDAwMDAwMDAwMDB9LCJzY2hlbWFfdmVyc2lvbiI6IjIifQ==",
          "dependencies": [
            "module.sg_ec2.aws_security_group.this",
            "module.vpc.aws_default_route_table.main_route_table",
            "module.vpc.aws_eip.nat_eip",
            "module.vpc.aws_internet_gateway.gw",
            "module.vpc.aws_nat_gateway.nat_gw",
            "module.vpc.aws_route.route-private",
            "module.vpc.aws_route.route-public",
            "module.vpc.aws_route_table.private_subnets-to-internet_route",
            "module.vpc.aws_route_table.public_subnet-to-igw_route",
            "module.vpc.aws_route_table_association.private_subnet-assoc",
            "module.vpc.aws_route_table_association.public_subnet-assoc",
            "module.vpc.aws_subnet.private",
            "module.vpc.aws_subnet.public",
            "module.vpc.aws_vpc.vpc"
          ]
        },
        {
          "index_key": "rule04",
          "schema_version": 2,
          "attributes": {
            "cidr_blocks": [
              "0.0.0.0/0"
            ],
            "description": "https-443",
            "from_port": 443,
            "id": "sgrule-1962055430",
            "ipv6_cidr_blocks": [
              "::/0"
            ],
            "prefix_list_ids": null,
            "protocol": "tcp",
            "security_group_id": "sg-0ef80e67837c26e79",
            "security_group_rule_id": "",
            "self": false,
            "source_security_group_id": null,
            "timeouts": null,
            "to_port": 443,
            "type": "egress"
          },
          "sensitive_attributes": [],
          "private": "eyJlMmJmYjczMC1lY2FhLTExZTYtOGY4OC0zNDM2M2JjN2M0YzAiOnsiY3JlYXRlIjozMDAwMDAwMDAwMDB9LCJzY2hlbWFfdmVyc2lvbiI6IjIifQ==",
          "dependencies": [
            "module.sg_ec2.aws_security_group.this",
            "module.vpc.aws_default_route_table.main_route_table",
            "module.vpc.aws_eip.nat_eip",
            "module.vpc.aws_internet_gateway.gw",
            "module.vpc.aws_nat_gateway.nat_gw",
            "module.vpc.aws_route.route-private",
            "module.vpc.aws_route.route-public",
            "module.vpc.aws_route_table.private_subnets-to-internet_route",
            "module.vpc.aws_route_table.public_subnet-to-igw_route",
            "module.vpc.aws_route_table_association.private_subnet-assoc",
            "module.vpc.aws_route_table_association.public_subnet-assoc",
            "module.vpc.aws_subnet.private",
            "module.vpc.aws_subnet.public",
            "module.vpc.aws_vpc.vpc"
          ]
        },
        {
          "index_key": "rule05",
          "schema_version": 2,
          "attributes": {
            "cidr_blocks": [
              "0.0.0.0/0"
            ],
            "description": "http-80",
            "from_port": 80,
            "id": "sgrule-646179837",
            "ipv6_cidr_blocks": [
              "::/0"
            ],
            "prefix_list_ids": null,
            "protocol": "tcp",
            "security_group_id": "sg-0ef80e67837c26e79",
            "security_group_rule_id": "",
            "self": false,
            "source_security_group_id": null,
            "timeouts": null,
            "to_port": 80,
            "type": "egress"
          },
          "sensitive_attributes": [],
          "private": "eyJlMmJmYjczMC1lY2FhLTExZTYtOGY4OC0zNDM2M2JjN2M0YzAiOnsiY3JlYXRlIjozMDAwMDAwMDAwMDB9LCJzY2hlbWFfdmVyc2lvbiI6IjIifQ==",
          "dependencies": [
            "module.sg_ec2.aws_security_group.this",
            "module.vpc.aws_default_route_table.main_route_table",
            "module.vpc.aws_eip.nat_eip",
            "module.vpc.aws_internet_gateway.gw",
            "module.vpc.aws_nat_gateway.nat_gw",
            "module.vpc.aws_route.route-private",
            "module.vpc.aws_route.route-public",
            "module.vpc.aws_route_table.private_subnets-to-internet_route",
            "module.vpc.aws_route_table.public_subnet-to-igw_route",
            "module.vpc.aws_route_table_association.private_subnet-assoc",
            "module.vpc.aws_route_table_association.public_subnet-assoc",
            "module.vpc.aws_subnet.private",
            "module.vpc.aws_subnet.public",
            "module.vpc.aws_vpc.vpc"
          ]
        }
      ]
    },
    {
      "module": "module.vpc",
      "mode": "managed",
      "type": "aws_default_route_table",
      "name": "main_route_table",
      "provider": "provider[\"registry.terraform.io/hashicorp/aws\"]",
      "instances": [
        {
          "schema_version": 0,
          "attributes": {
            "arn": "arn:aws:ec2:us-east-1:817859197488:route-table/rtb-028565bbea6ceff30",
            "default_route_table_id": "rtb-028565bbea6ceff30",
            "id": "rtb-028565bbea6ceff30",
            "owner_id": "817859197488",
            "propagating_vgws": [],
            "route": [],
            "tags": {
              "Environment": "live",
              "Name": "hackerbox-live-vpc-default-rt",
              "Owner": "John Doe",
              "Project": "HACKERBOX",
              "Service": "Default Route Table"
            },
            "tags_all": {
              "Environment": "live",
              "Name": "hackerbox-live-vpc-default-rt",
              "Owner": "John Doe",
              "Project": "HACKERBOX",
              "Service": "Default Route Table"
            },
            "timeouts": null,
            "vpc_id": "vpc-0b7c9d1bc10ec7c73"
          },
          "sensitive_attributes": [],
          "private": "eyJlMmJmYjczMC1lY2FhLTExZTYtOGY4OC0zNDM2M2JjN2M0YzAiOnsiY3JlYXRlIjoxMjAwMDAwMDAwMDAsInVwZGF0ZSI6MTIwMDAwMDAwMDAwfX0=",
          "dependencies": [
            "module.vpc.aws_vpc.vpc"
          ]
        }
      ]
    },
    {
      "module": "module.vpc",
      "mode": "managed",
      "type": "aws_internet_gateway",
      "name": "gw",
      "provider": "provider[\"registry.terraform.io/hashicorp/aws\"]",
      "instances": [
        {
          "schema_version": 0,
          "attributes": {
            "arn": "arn:aws:ec2:us-east-1:817859197488:internet-gateway/igw-0786f20d557615a01",
            "id": "igw-0786f20d557615a01",
            "owner_id": "817859197488",
            "tags": {
              "Environment": "live",
              "Name": "hackerbox-live-vpc-internet-gw",
              "Owner": "John Doe",
              "Project": "HACKERBOX",
              "Service": "Internet Gateway"
            },
            "tags_all": {
              "Environment": "live",
              "Name": "hackerbox-live-vpc-internet-gw",
              "Owner": "John Doe",
              "Project": "HACKERBOX",
              "Service": "Internet Gateway"
            },
            "timeouts": null,
            "vpc_id": "vpc-0b7c9d1bc10ec7c73"
          },
          "sensitive_attributes": [],
          "private": "eyJlMmJmYjczMC1lY2FhLTExZTYtOGY4OC0zNDM2M2JjN2M0YzAiOnsiY3JlYXRlIjoxMjAwMDAwMDAwMDAwLCJkZWxldGUiOjEyMDAwMDAwMDAwMDAsInVwZGF0ZSI6MTIwMDAwMDAwMDAwMH19",
          "dependencies": [
            "module.vpc.aws_vpc.vpc"
          ]
        }
      ]
    },
    {
      "module": "module.vpc",
      "mode": "managed",
      "type": "aws_route",
      "name": "route-public",
      "provider": "provider[\"registry.terraform.io/hashicorp/aws\"]",
      "instances": [
        {
          "schema_version": 0,
          "attributes": {
            "carrier_gateway_id": "",
            "core_network_arn": "",
            "destination_cidr_block": "0.0.0.0/0",
            "destination_ipv6_cidr_block": "",
            "destination_prefix_list_id": "",
            "egress_only_gateway_id": "",
            "gateway_id": "igw-0786f20d557615a01",
            "id": "r-rtb-093e370c95dc8d8371080289494",
            "instance_id": "",
            "instance_owner_id": "",
            "local_gateway_id": "",
            "nat_gateway_id": "",
            "network_interface_id": "",
            "origin": "CreateRoute",
            "route_table_id": "rtb-093e370c95dc8d837",
            "state": "active",
            "timeouts": null,
            "transit_gateway_id": "",
            "vpc_endpoint_id": "",
            "vpc_peering_connection_id": ""
          },
          "sensitive_attributes": [],
          "private": "eyJlMmJmYjczMC1lY2FhLTExZTYtOGY4OC0zNDM2M2JjN2M0YzAiOnsiY3JlYXRlIjozMDAwMDAwMDAwMDAsImRlbGV0ZSI6MzAwMDAwMDAwMDAwLCJ1cGRhdGUiOjEyMDAwMDAwMDAwMH19",
          "dependencies": [
            "module.vpc.aws_internet_gateway.gw",
            "module.vpc.aws_route_table.public_subnet-to-igw_route",
            "module.vpc.aws_vpc.vpc"
          ]
        }
      ]
    },
    {
      "module": "module.vpc",
      "mode": "managed",
      "type": "aws_route_table",
      "name": "private_subnets-to-internet_route",
      "provider": "provider[\"registry.terraform.io/hashicorp/aws\"]",
      "instances": [
        {
          "schema_version": 0,
          "attributes": {
            "arn": "arn:aws:ec2:us-east-1:817859197488:route-table/rtb-0a97f582644668651",
            "id": "rtb-0a97f582644668651",
            "owner_id": "817859197488",
            "propagating_vgws": [],
            "route": [],
            "tags": {
              "Environment": "live",
              "Name": "hackerbox-live-vpc-private-route-table",
              "Owner": "John Doe",
              "Project": "HACKERBOX",
              "Service": "Route Table"
            },
            "tags_all": {
              "Environment": "live",
              "Name": "hackerbox-live-vpc-private-route-table",
              "Owner": "John Doe",
              "Project": "HACKERBOX",
              "Service": "Route Table"
            },
            "timeouts": null,
            "vpc_id": "vpc-0b7c9d1bc10ec7c73"
          },
          "sensitive_attributes": [],
          "private": "eyJlMmJmYjczMC1lY2FhLTExZTYtOGY4OC0zNDM2M2JjN2M0YzAiOnsiY3JlYXRlIjozMDAwMDAwMDAwMDAsImRlbGV0ZSI6MzAwMDAwMDAwMDAwLCJ1cGRhdGUiOjEyMDAwMDAwMDAwMH19",
          "dependencies": [
            "module.vpc.aws_vpc.vpc"
          ]
        }
      ]
    },
    {
      "module": "module.vpc",
      "mode": "managed",
      "type": "aws_route_table",
      "name": "public_subnet-to-igw_route",
      "provider": "provider[\"registry.terraform.io/hashicorp/aws\"]",
      "instances": [
        {
          "schema_version": 0,
          "attributes": {
            "arn": "arn:aws:ec2:us-east-1:817859197488:route-table/rtb-093e370c95dc8d837",
            "id": "rtb-093e370c95dc8d837",
            "owner_id": "817859197488",
            "propagating_vgws": [],
            "route": [
              {
                "carrier_gateway_id": "",
                "cidr_block": "0.0.0.0/0",
                "core_network_arn": "",
                "destination_prefix_list_id": "",
                "egress_only_gateway_id": "",
                "gateway_id": "igw-0786f20d557615a01",
                "instance_id": "",
                "ipv6_cidr_block": "",
                "local_gateway_id": "",
                "nat_gateway_id": "",
                "network_interface_id": "",
                "transit_gateway_id": "",
                "vpc_endpoint_id": "",
                "vpc_peering_connection_id": ""
              }
            ],
            "tags": {
              "Environment": "live",
              "Name": "hackerbox-live-vpc-public-route-table",
              "Owner": "John Doe",
              "Project": "HACKERBOX",
              "Service": "Route Table"
            },
            "tags_all": {
              "Environment": "live",
              "Name": "hackerbox-live-vpc-public-route-table",
              "Owner": "John Doe",
              "Project": "HACKERBOX",
              "Service": "Route Table"
            },
            "timeouts": null,
            "vpc_id": "vpc-0b7c9d1bc10ec7c73"
          },
          "sensitive_attributes": [],
          "private": "eyJlMmJmYjczMC1lY2FhLTExZTYtOGY4OC0zNDM2M2JjN2M0YzAiOnsiY3JlYXRlIjozMDAwMDAwMDAwMDAsImRlbGV0ZSI6MzAwMDAwMDAwMDAwLCJ1cGRhdGUiOjEyMDAwMDAwMDAwMH19",
          "dependencies": [
            "module.vpc.aws_vpc.vpc"
          ]
        }
      ]
    },
    {
      "module": "module.vpc",
      "mode": "managed",
      "type": "aws_route_table_association",
      "name": "public_subnet-assoc",
      "provider": "provider[\"registry.terraform.io/hashicorp/aws\"]",
      "instances": [
        {
          "index_key": 0,
          "schema_version": 0,
          "attributes": {
            "gateway_id": "",
            "id": "rtbassoc-0b2ff0d3da9d372d4",
            "route_table_id": "rtb-093e370c95dc8d837",
            "subnet_id": "subnet-0297a3c8d75bad424"
          },
          "sensitive_attributes": [],
          "private": "bnVsbA==",
          "dependencies": [
            "module.vpc.aws_internet_gateway.gw",
            "module.vpc.aws_route_table.public_subnet-to-igw_route",
            "module.vpc.aws_subnet.public",
            "module.vpc.aws_vpc.vpc"
          ]
        },
        {
          "index_key": 1,
          "schema_version": 0,
          "attributes": {
            "gateway_id": "",
            "id": "rtbassoc-086a276442eeba660",
            "route_table_id": "rtb-093e370c95dc8d837",
            "subnet_id": "subnet-0e8ff0ebc886ed274"
          },
          "sensitive_attributes": [],
          "private": "bnVsbA==",
          "dependencies": [
            "module.vpc.aws_internet_gateway.gw",
            "module.vpc.aws_route_table.public_subnet-to-igw_route",
            "module.vpc.aws_subnet.public",
            "module.vpc.aws_vpc.vpc"
          ]
        }
      ]
    },
    {
      "module": "module.vpc",
      "mode": "managed",
      "type": "aws_subnet",
      "name": "public",
      "provider": "provider[\"registry.terraform.io/hashicorp/aws\"]",
      "instances": [
        {
          "index_key": 0,
          "schema_version": 1,
          "attributes": {
            "arn": "arn:aws:ec2:us-east-1:817859197488:subnet/subnet-0297a3c8d75bad424",
            "assign_ipv6_address_on_creation": false,
            "availability_zone": "us-east-1a",
            "availability_zone_id": "use1-az1",
            "cidr_block": "10.10.0.0/24",
            "customer_owned_ipv4_pool": "",
            "enable_dns64": false,
            "enable_resource_name_dns_a_record_on_launch": false,
            "enable_resource_name_dns_aaaa_record_on_launch": false,
            "id": "subnet-0297a3c8d75bad424",
            "ipv6_cidr_block": "",
            "ipv6_cidr_block_association_id": "",
            "ipv6_native": false,
            "map_customer_owned_ip_on_launch": false,
            "map_public_ip_on_launch": true,
            "outpost_arn": "",
            "owner_id": "817859197488",
            "private_dns_hostname_type_on_launch": "ip-name",
            "tags": {
              "Environment": "live",
              "Name": "hackerbox-live-vpc-public-subnet-01",
              "Owner": "John Doe",
              "Project": "HACKERBOX",
              "Service": "Public Subnet"
            },
            "tags_all": {
              "Environment": "live",
              "Name": "hackerbox-live-vpc-public-subnet-01",
              "Owner": "John Doe",
              "Project": "HACKERBOX",
              "Service": "Public Subnet"
            },
            "timeouts": null,
            "vpc_id": "vpc-0b7c9d1bc10ec7c73"
          },
          "sensitive_attributes": [],
          "private": "eyJlMmJmYjczMC1lY2FhLTExZTYtOGY4OC0zNDM2M2JjN2M0YzAiOnsiY3JlYXRlIjo2MDAwMDAwMDAwMDAsImRlbGV0ZSI6MTIwMDAwMDAwMDAwMH0sInNjaGVtYV92ZXJzaW9uIjoiMSJ9",
          "dependencies": [
            "module.vpc.aws_internet_gateway.gw",
            "module.vpc.aws_vpc.vpc"
          ]
        },
        {
          "index_key": 1,
          "schema_version": 1,
          "attributes": {
            "arn": "arn:aws:ec2:us-east-1:817859197488:subnet/subnet-0e8ff0ebc886ed274",
            "assign_ipv6_address_on_creation": false,
            "availability_zone": "us-east-1b",
            "availability_zone_id": "use1-az2",
            "cidr_block": "10.10.1.0/24",
            "customer_owned_ipv4_pool": "",
            "enable_dns64": false,
            "enable_resource_name_dns_a_record_on_launch": false,
            "enable_resource_name_dns_aaaa_record_on_launch": false,
            "id": "subnet-0e8ff0ebc886ed274",
            "ipv6_cidr_block": "",
            "ipv6_cidr_block_association_id": "",
            "ipv6_native": false,
            "map_customer_owned_ip_on_launch": false,
            "map_public_ip_on_launch": true,
            "outpost_arn": "",
            "owner_id": "817859197488",
            "private_dns_hostname_type_on_launch": "ip-name",
            "tags": {
              "Environment": "live",
              "Name": "hackerbox-live-vpc-public-subnet-02",
              "Owner": "John Doe",
              "Project": "HACKERBOX",
              "Service": "Public Subnet"
            },
            "tags_all": {
              "Environment": "live",
              "Name": "hackerbox-live-vpc-public-subnet-02",
              "Owner": "John Doe",
              "Project": "HACKERBOX",
              "Service": "Public Subnet"
            },
            "timeouts": null,
            "vpc_id": "vpc-0b7c9d1bc10ec7c73"
          },
          "sensitive_attributes": [],
          "private": "eyJlMmJmYjczMC1lY2FhLTExZTYtOGY4OC0zNDM2M2JjN2M0YzAiOnsiY3JlYXRlIjo2MDAwMDAwMDAwMDAsImRlbGV0ZSI6MTIwMDAwMDAwMDAwMH0sInNjaGVtYV92ZXJzaW9uIjoiMSJ9",
          "dependencies": [
            "module.vpc.aws_internet_gateway.gw",
            "module.vpc.aws_vpc.vpc"
          ]
        }
      ]
    },
    {
      "module": "module.vpc",
      "mode": "managed",
      "type": "aws_vpc",
      "name": "vpc",
      "provider": "provider[\"registry.terraform.io/hashicorp/aws\"]",
      "instances": [
        {
          "schema_version": 1,
          "attributes": {
            "arn": "arn:aws:ec2:us-east-1:817859197488:vpc/vpc-0b7c9d1bc10ec7c73",
            "assign_generated_ipv6_cidr_block": false,
            "cidr_block": "10.10.0.0/16",
            "default_network_acl_id": "acl-0a6c1395b42083548",
            "default_route_table_id": "rtb-028565bbea6ceff30",
            "default_security_group_id": "sg-033a26f2e5dfe8285",
            "dhcp_options_id": "dopt-002ab702731a45971",
            "enable_classiclink": false,
            "enable_classiclink_dns_support": false,
            "enable_dns_hostnames": true,
            "enable_dns_support": true,
            "enable_network_address_usage_metrics": false,
            "id": "vpc-0b7c9d1bc10ec7c73",
            "instance_tenancy": "default",
            "ipv4_ipam_pool_id": null,
            "ipv4_netmask_length": null,
            "ipv6_association_id": "",
            "ipv6_cidr_block": "",
            "ipv6_cidr_block_network_border_group": "",
            "ipv6_ipam_pool_id": "",
            "ipv6_netmask_length": 0,
            "main_route_table_id": "rtb-028565bbea6ceff30",
            "owner_id": "817859197488",
            "tags": {
              "Environment": "live",
              "Name": "hackerbox-live-vpc",
              "Owner": "John Doe",
              "Project": "HACKERBOX",
              "Service": "VPC"
            },
            "tags_all": {
              "Environment": "live",
              "Name": "hackerbox-live-vpc",
              "Owner": "John Doe",
              "Project": "HACKERBOX",
              "Service": "VPC"
            }
          },
          "sensitive_attributes": [],
          "private": "eyJzY2hlbWFfdmVyc2lvbiI6IjEifQ=="
        }
      ]
    }
  ],
  "check_results": null
}
